
Microsoft Visual Studio Solution File, Format Version 12.00
# Visual Studio Version 17
VisualStudioVersion = 17.0.32112.339
MinimumVisualStudioVersion = 10.0.40219.1
Project("{9A19103F-16F7-4668-BE54-9A1E7A4F7556}") = "gpio_input", "interface\gpio_input\gpio_input.csproj", "{605C1E6C-08C1-44E7-A0DA-A0E8E225398F}"
EndProject
Project("{9A19103F-16F7-4668-BE54-9A1E7A4F7556}") = "gpio_input_callback", "interface\gpio_input_callback\gpio_input_callback.csproj", "{BF4ADB04-01FA-47F8-BB00-0C4A1217FCAA}"
EndProject
Project("{9A19103F-16F7-4668-BE54-9A1E7A4F7556}") = "gpio_input_wait", "interface\gpio_input_wait\gpio_input_wait.csproj", "{638F7DCA-4433-4FC0-A582-B8BF5DFD6D0B}"
EndProject
Project("{9A19103F-16F7-4668-BE54-9A1E7A4F7556}") = "gpio_output", "interface\gpio_output\gpio_output.csproj", "{702F4EB5-A114-4CF6-8A60-BF09B0164318}"
EndProject
Project("{9A19103F-16F7-4668-BE54-9A1E7A4F7556}") = "i2c_adxl345", "interface\i2c_adxl345\i2c_adxl345.csproj", "{51B32DD9-D1C8-4F1E-94F3-74CC15907299}"
EndProject
Project("{9A19103F-16F7-4668-BE54-9A1E7A4F7556}") = "spi_max31855", "interface\spi_max31855\spi_max31855.csproj", "{099C05B1-1E52-4CF3-9159-1B97D7FE03B4}"
EndProject
Global
	GlobalSection(SolutionConfigurationPlatforms) = preSolution
		Debug|Any CPU = Debug|Any CPU
		Release|Any CPU = Release|Any CPU
	EndGlobalSection
	GlobalSection(ProjectConfigurationPlatforms) = postSolution
		{605C1E6C-08C1-44E7-A0DA-A0E8E225398F}.Debug|Any CPU.ActiveCfg = Debug|Any CPU
		{605C1E6C-08C1-44E7-A0DA-A0E8E225398F}.Debug|Any CPU.Build.0 = Debug|Any CPU
		{605C1E6C-08C1-44E7-A0DA-A0E8E225398F}.Release|Any CPU.ActiveCfg = Release|Any CPU
		{605C1E6C-08C1-44E7-A0DA-A0E8E225398F}.Release|Any CPU.Build.0 = Release|Any CPU
		{BF4ADB04-01FA-47F8-BB00-0C4A1217FCAA}.Debug|Any CPU.ActiveCfg = Debug|Any CPU
		{BF4ADB04-01FA-47F8-BB00-0C4A1217FCAA}.Debug|Any CPU.Build.0 = Debug|Any CPU
		{BF4ADB04-01FA-47F8-BB00-0C4A1217FCAA}.Release|Any CPU.ActiveCfg = Release|Any CPU
		{BF4ADB04-01FA-47F8-BB00-0C4A1217FCAA}.Release|Any CPU.Build.0 = Release|Any CPU
		{638F7DCA-4433-4FC0-A582-B8BF5DFD6D0B}.Debug|Any CPU.ActiveCfg = Debug|Any CPU
		{638F7DCA-4433-4FC0-A582-B8BF5DFD6D0B}.Debug|Any CPU.Build.0 = Debug|Any CPU
		{638F7DCA-4433-4FC0-A582-B8BF5DFD6D0B}.Release|Any CPU.ActiveCfg = Release|Any CPU
		{638F7DCA-4433-4FC0-A582-B8BF5DFD6D0B}.Release|Any CPU.Build.0 = Release|Any CPU
		{702F4EB5-A114-4CF6-8A60-BF09B0164318}.Debug|Any CPU.ActiveCfg = Debug|Any CPU
		{702F4EB5-A114-4CF6-8A60-BF09B0164318}.Debug|Any CPU.Build.0 = Debug|Any CPU
		{702F4EB5-A114-4CF6-8A60-BF09B0164318}.Release|Any CPU.ActiveCfg = Release|Any CPU
		{702F4EB5-A114-4CF6-8A60-BF09B0164318}.Release|Any CPU.Build.0 = Release|Any CPU
		{51B32DD9-D1C8-4F1E-94F3-74CC15907299}.Debug|Any CPU.ActiveCfg = Debug|Any CPU
		{51B32DD9-D1C8-4F1E-94F3-74CC15907299}.Debug|Any CPU.Build.0 = Debug|Any CPU
		{51B32DD9-D1C8-4F1E-94F3-74CC15907299}.Release|Any CPU.ActiveCfg = Release|Any CPU
		{51B32DD9-D1C8-4F1E-94F3-74CC15907299}.Release|Any CPU.Build.0 = Release|Any CPU
		{099C05B1-1E52-4CF3-9159-1B97D7FE03B4}.Debug|Any CPU.ActiveCfg = Debug|Any CPU
		{099C05B1-1E52-4CF3-9159-1B97D7FE03B4}.Debug|Any CPU.Build.0 = Debug|Any CPU
		{099C05B1-1E52-4CF3-9159-1B97D7FE03B4}.Release|Any CPU.ActiveCfg = Release|Any CPU
		{099C05B1-1E52-4CF3-9159-1B97D7FE03B4}.Release|Any CPU.Build.0 = Release|Any CPU
	EndGlobalSection
	GlobalSection(SolutionProperties) = preSolution
		HideSolutionNode = FALSE
	EndGlobalSection
	GlobalSection(ExtensibilityGlobals) = postSolution
		SolutionGuid = {93C105E4-EACB-493C-9D65-E045734D2535}
	EndGlobalSection
EndGlobal
